# This file is generated by running "yarn install" inside your project.
# Manual changes might be lost - proceed with caution!

__metadata:
  version: 8
  cacheKey: 10c0

"@mdi/svg@npm:7.4.47":
  version: 7.4.47
  resolution: "@mdi/svg@npm:7.4.47"
  checksum: 10c0/c2beb137eb91472e7603bba6dcd904493a1902a70c14d816c77edfd157b26ec65d16bee5cb161b6d1765ddc9d94dd3cf6b37d887f581f624fc9aae571e9bd9e0
  languageName: node
  linkType: hard

"@mdi/util@npm:^0.3.0":
  version: 0.3.2
  resolution: "@mdi/util@npm:0.3.2"
  checksum: 10c0/f6148291d3bf955ae07304847935965cb3af6feea0665b9b1c2327ec50fdc2b2566cad2b69ca98faaac10d7cbe1bb51d5818d6c8b54e26939398624d18e5bf2e
  languageName: node
  linkType: hard

"flutter_mdi_plus@workspace:.":
  version: 0.0.0-use.local
  resolution: "flutter_mdi_plus@workspace:."
  dependencies:
    "@mdi/svg": "npm:7.4.47"
    "@mdi/util": "npm:^0.3.0"
  languageName: unknown
  linkType: soft
